
Microsoft Visual Studio Solution File, Format Version 12.00
# Visual Studio 15
VisualStudioVersion = 15.0.27428.1
MinimumVisualStudioVersion = 10.0.40219.1
Project("{FAE04EC0-301F-11D3-BF4B-00C04F79EFBC}") = "RabbitPublisher", "RabbitPublisher\RabbitPublisher.csproj", "{BB9372F9-40A0-466D-920B-79C392359DD0}"
EndProject
Global
	GlobalSection(SolutionConfigurationPlatforms) = preSolution
		Debug|Any CPU = Debug|Any CPU
		Release|Any CPU = Release|Any CPU
	EndGlobalSection
	GlobalSection(ProjectConfigurationPlatforms) = postSolution
		{BB9372F9-40A0-466D-920B-79C392359DD0}.Debug|Any CPU.ActiveCfg = Debug|Any CPU
		{BB9372F9-40A0-466D-920B-79C392359DD0}.Debug|Any CPU.Build.0 = Debug|Any CPU
		{BB9372F9-40A0-466D-920B-79C392359DD0}.Release|Any CPU.ActiveCfg = Release|Any CPU
		{BB9372F9-40A0-466D-920B-79C392359DD0}.Release|Any CPU.Build.0 = Release|Any CPU
	EndGlobalSection
	GlobalSection(SolutionProperties) = preSolution
		HideSolutionNode = FALSE
	EndGlobalSection
	GlobalSection(ExtensibilityGlobals) = postSolution
		SolutionGuid = {2CF237A2-064B-4885-8B12-F5A29AA60C3C}
	EndGlobalSection
EndGlobal
